
Microsoft Visual Studio Solution File, Format Version 12.00
# Visual Studio Version 17
VisualStudioVersion = 17.14.36301.6 d17.14
MinimumVisualStudioVersion = 10.0.40219.1
Project("{FAE04EC0-301F-11D3-BF4B-00C04F79EFBC}") = "DockerEnvVariableDemo", "DockerEnvVariableDemo\DockerEnvVariableDemo.csproj", "{FBA4E0D4-68FD-4820-9B42-4B05B93E2F2C}"
EndProject
Global
	GlobalSection(SolutionConfigurationPlatforms) = preSolution
		Debug|Any CPU = Debug|Any CPU
		Release|Any CPU = Release|Any CPU
	EndGlobalSection
	GlobalSection(ProjectConfigurationPlatforms) = postSolution
		{FBA4E0D4-68FD-4820-9B42-4B05B93E2F2C}.Debug|Any CPU.ActiveCfg = Debug|Any CPU
		{FBA4E0D4-68FD-4820-9B42-4B05B93E2F2C}.Debug|Any CPU.Build.0 = Debug|Any CPU
		{FBA4E0D4-68FD-4820-9B42-4B05B93E2F2C}.Release|Any CPU.ActiveCfg = Release|Any CPU
		{FBA4E0D4-68FD-4820-9B42-4B05B93E2F2C}.Release|Any CPU.Build.0 = Release|Any CPU
	EndGlobalSection
	GlobalSection(SolutionProperties) = preSolution
		HideSolutionNode = FALSE
	EndGlobalSection
	GlobalSection(ExtensibilityGlobals) = postSolution
		SolutionGuid = {116E0FE1-8FC3-4E0A-9D0E-F6D597718216}
	EndGlobalSection
EndGlobal
